
Microsoft Visual Studio Solution File, Format Version 12.00
# Visual Studio 15
VisualStudioVersion = 15.0.27004.2010
MinimumVisualStudioVersion = 10.0.40219.1
Project("{9A19103F-16F7-4668-BE54-9A1E7A4F7556}") = "Email.Svc", "Email.Svc\Email.Svc.csproj", "{47FE495F-F518-4E68-877D-53C198A9BDA6}"
EndProject
Project("{E53339B2-1760-4266-BCC7-CA923CBCF16C}") = "docker-compose", "docker-compose.dcproj", "{2BFC5348-3082-415F-981C-AE51C6D2509D}"
EndProject
Global
	GlobalSection(SolutionConfigurationPlatforms) = preSolution
		Debug|Any CPU = Debug|Any CPU
		Release|Any CPU = Release|Any CPU
	EndGlobalSection
	GlobalSection(ProjectConfigurationPlatforms) = postSolution
		{47FE495F-F518-4E68-877D-53C198A9BDA6}.Debug|Any CPU.ActiveCfg = Debug|Any CPU
		{47FE495F-F518-4E68-877D-53C198A9BDA6}.Debug|Any CPU.Build.0 = Debug|Any CPU
		{47FE495F-F518-4E68-877D-53C198A9BDA6}.Release|Any CPU.ActiveCfg = Release|Any CPU
		{47FE495F-F518-4E68-877D-53C198A9BDA6}.Release|Any CPU.Build.0 = Release|Any CPU
		{2BFC5348-3082-415F-981C-AE51C6D2509D}.Debug|Any CPU.ActiveCfg = Debug|Any CPU
		{2BFC5348-3082-415F-981C-AE51C6D2509D}.Debug|Any CPU.Build.0 = Debug|Any CPU
		{2BFC5348-3082-415F-981C-AE51C6D2509D}.Release|Any CPU.ActiveCfg = Release|Any CPU
		{2BFC5348-3082-415F-981C-AE51C6D2509D}.Release|Any CPU.Build.0 = Release|Any CPU
	EndGlobalSection
	GlobalSection(SolutionProperties) = preSolution
		HideSolutionNode = FALSE
	EndGlobalSection
	GlobalSection(ExtensibilityGlobals) = postSolution
		SolutionGuid = {4F253A48-76C0-433E-A8EA-3BDB6FDED3D9}
	EndGlobalSection
EndGlobal
